// !$*UTF8*$!
{
	archiveVersion = 1;
	classes = {
	};
	objectVersion = 50;
	objects = {

/* Begin PBXBuildFile section */
		D4E6D743215A9C800029B326 /* AppDelegate.swift in Sources */ = {isa = PBXBuildFile; fileRef = D4E6D742215A9C800029B326 /* AppDelegate.swift */; };
		D4E6D745215A9C800029B326 /* ViewController.swift in Sources */ = {isa = PBXBuildFile; fileRef = D4E6D744215A9C800029B326 /* ViewController.swift */; };
		D4E6D748215A9C800029B326 /* Main.storyboard in Resources */ = {isa = PBXBuildFile; fileRef = D4E6D746215A9C800029B326 /* Main.storyboard */; };
		D4E6D74A215A9C820029B326 /* Assets.xcassets in Resources */ = {isa = PBXBuildFile; fileRef = D4E6D749215A9C820029B326 /* Assets.xcassets */; };
		D4E6D74D215A9C820029B326 /* LaunchScreen.storyboard in Resources */ = {isa = PBXBuildFile; fileRef = D4E6D74B215A9C820029B326 /* LaunchScreen.storyboard */; };
		D4E6D755215A9E3C0029B326 /* ParametricFunctionView.swift in Sources */ = {isa = PBXBuildFile; fileRef = D4E6D754215A9E3C0029B326 /* ParametricFunctionView.swift */; };
/* End PBXBuildFile section */

/* Begin PBXFileReference section */
		D4E6D73F215A9C800029B326 /* Cubo Flotando.app */ = {isa = PBXFileReference; explicitFileType = wrapper.application; includeInIndex = 0; path = "Cubo Flotando.app"; sourceTree = BUILT_PRODUCTS_DIR; };
		D4E6D742215A9C800029B326 /* AppDelegate.swift */ = {isa = PBXFileReference; lastKnownFileType = sourcecode.swift; path = AppDelegate.swift; sourceTree = "<group>"; };
		D4E6D744215A9C800029B326 /* ViewController.swift */ = {isa = PBXFileReference; lastKnownFileType = sourcecode.swift; path = ViewController.swift; sourceTree = "<group>"; };
		D4E6D747215A9C800029B326 /* Base */ = {isa = PBXFileReference; lastKnownFileType = file.storyboard; name = Base; path = Base.lproj/Main.storyboard; sourceTree = "<group>"; };
		D4E6D749215A9C820029B326 /* Assets.xcassets */ = {isa = PBXFileReference; lastKnownFileType = folder.assetcatalog; path = Assets.xcassets; sourceTree = "<group>"; };
		D4E6D74C215A9C820029B326 /* Base */ = {isa = PBXFileReference; lastKnownFileType = file.storyboard; name = Base; path = Base.lproj/LaunchScreen.storyboard; sourceTree = "<group>"; };
		D4E6D74E215A9C820029B326 /* Info.plist */ = {isa = PBXFileReference; lastKnownFileType = text.plist.xml; path = Info.plist; sourceTree = "<group>"; };
		D4E6D754215A9E3C0029B326 /* ParametricFunctionView.swift */ = {isa = PBXFileReference; lastKnownFileType = sourcecode.swift; path = ParametricFunctionView.swift; sourceTree = "<group>"; };
/* End PBXFileReference section */

/* Begin PBXFrameworksBuildPhase section */
		D4E6D73C215A9C800029B326 /* Frameworks */ = {
			isa = PBXFrameworksBuildPhase;
			buildActionMask = 2147483647;
			files = (
			);
			runOnlyForDeploymentPostprocessing = 0;
		};
/* End PBXFrameworksBuildPhase section */

/* Begin PBXGroup section */
		D4E6D736215A9C800029B326 = {
			isa = PBXGroup;
			children = (
				D4E6D741215A9C800029B326 /* Cubo Flotando */,
				D4E6D740215A9C800029B326 /* Products */,
			);
			sourceTree = "<group>";
		};
		D4E6D740215A9C800029B326 /* Products */ = {
			isa = PBXGroup;
			children = (
				D4E6D73F215A9C800029B326 /* Cubo Flotando.app */,
			);
			name = Products;
			sourceTree = "<group>";
		};
		D4E6D741215A9C800029B326 /* Cubo Flotando */ = {
			isa = PBXGroup;
			children = (
				D4E6D742215A9C800029B326 /* AppDelegate.swift */,
				D4E6D744215A9C800029B326 /* ViewController.swift */,
				D4E6D746215A9C800029B326 /* Main.storyboard */,
				D4E6D749215A9C820029B326 /* Assets.xcassets */,
				D4E6D74B215A9C820029B326 /* LaunchScreen.storyboard */,
				D4E6D754215A9E3C0029B326 /* ParametricFunctionView.swift */,
				D4E6D74E215A9C820029B326 /* Info.plist */,
			);
			path = "Cubo Flotando";
			sourceTree = "<group>";
		};
/* End PBXGroup section */

/* Begin PBXNativeTarget section */
		D4E6D73E215A9C800029B326 /* Cubo Flotando */ = {
			isa = PBXNativeTarget;
			buildConfigurationList = D4E6D751215A9C820029B326 /* Build configuration list for PBXNativeTarget "Cubo Flotando" */;
			buildPhases = (
				D4E6D73B215A9C800029B326 /* Sources */,
				D4E6D73C215A9C800029B326 /* Frameworks */,
				D4E6D73D215A9C800029B326 /* Resources */,
			);
			buildRules = (
			);
			dependencies = (
			);
			name = "Cubo Flotando";
			productName = "Cubo Flotando";
			productReference = D4E6D73F215A9C800029B326 /* Cubo Flotando.app */;
			productType = "com.apple.product-type.application";
		};
/* End PBXNativeTarget section */

/* Begin PBXProject section */
		D4E6D737215A9C800029B326 /* Project object */ = {
			isa = PBXProject;
			attributes = {
				LastSwiftUpdateCheck = 1000;
				LastUpgradeCheck = 1000;
				ORGANIZATIONNAME = Rodri;
				TargetAttributes = {
					D4E6D73E215A9C800029B326 = {
						CreatedOnToolsVersion = 10.0;
					};
				};
			};
			buildConfigurationList = D4E6D73A215A9C800029B326 /* Build configuration list for PBXProject "Cubo Flotando" */;
			compatibilityVersion = "Xcode 9.3";
			developmentRegion = en;
			hasScannedForEncodings = 0;
			knownRegions = (
				en,
				Base,
			);
			mainGroup = D4E6D736215A9C800029B326;
			productRefGroup = D4E6D740215A9C800029B326 /* Products */;
			projectDirPath = "";
			projectRoot = "";
			targets = (
				D4E6D73E215A9C800029B326 /* Cubo Flotando */,
			);
		};
/* End PBXProject section */

/* Begin PBXResourcesBuildPhase section */
		D4E6D73D215A9C800029B326 /* Resources */ = {
			isa = PBXResourcesBuildPhase;
			buildActionMask = 2147483647;
			files = (
				D4E6D74D215A9C820029B326 /* LaunchScreen.storyboard in Resources */,
				D4E6D74A215A9C820029B326 /* Assets.xcassets in Resources */,
				D4E6D748215A9C800029B326 /* Main.storyboard in Resources */,
			);
			runOnlyForDeploymentPostprocessing = 0;
		};
/* End PBXResourcesBuildPhase section */

/* Begin PBXSourcesBuildPhase section */
		D4E6D73B215A9C800029B326 /* Sources */ = {
			isa = PBXSourcesBuildPhase;
			buildActionMask = 2147483647;
			files = (
				D4E6D755215A9E3C0029B326 /* ParametricFunctionView.swift in Sources */,
				D4E6D745215A9C800029B326 /* ViewController.swift in Sources */,
				D4E6D743215A9C800029B326 /* AppDelegate.swift in Sources */,
			);
			runOnlyForDeploymentPostprocessing = 0;
		};
/* End PBXSourcesBuildPhase section */

/* Begin PBXVariantGroup section */
		D4E6D746215A9C800029B326 /* Main.storyboard */ = {
			isa = PBXVariantGroup;
			children = (
				D4E6D747215A9C800029B326 /* Base */,
			);
			name = Main.storyboard;
			sourceTree = "<group>";
		};
		D4E6D74B215A9C820029B326 /* LaunchScreen.storyboard */ = {
			isa = PBXVariantGroup;
			children = (
				D4E6D74C215A9C820029B326 /* Base */,
			);
			name = LaunchScreen.storyboard;
			sourceTree = "<group>";
		};
/* End PBXVariantGroup section */

/* Begin XCBuildConfiguration section */
		D4E6D74F215A9C820029B326 /* Debug */ = {
			isa = XCBuildConfiguration;
			buildSettings = {
				ALWAYS_SEARCH_USER_PATHS = NO;
				CLANG_ANALYZER_NONNULL = YES;
				CLANG_ANALYZER_NUMBER_OBJECT_CONVERSION = YES_AGGRESSIVE;
				CLANG_CXX_LANGUAGE_STANDARD = "gnu++14";
				CLANG_CXX_LIBRARY = "libc++";
				CLANG_ENABLE_MODULES = YES;
				CLANG_ENABLE_OBJC_ARC = YES;
				CLANG_ENABLE_OBJC_WEAK = YES;
				CLANG_WARN_BLOCK_CAPTURE_AUTORELEASING = YES;
				CLANG_WARN_BOOL_CONVERSION = YES;
				CLANG_WARN_COMMA = YES;
				CLANG_WARN_CONSTANT_CONVERSION = YES;
				CLANG_WARN_DEPRECATED_OBJC_IMPLEMENTATIONS = YES;
				CLANG_WARN_DIRECT_OBJC_ISA_USAGE = YES_ERROR;
				CLANG_WARN_DOCUMENTATION_COMMENTS = YES;
				CLANG_WARN_EMPTY_BODY = YES;
				CLANG_WARN_ENUM_CONVERSION = YES;
				CLANG_WARN_INFINITE_RECURSION = YES;
				CLANG_WARN_INT_CONVERSION = YES;
				CLANG_WARN_NON_LITERAL_NULL_CONVERSION = YES;
				CLANG_WARN_OBJC_IMPLICIT_RETAIN_SELF = YES;
				CLANG_WARN_OBJC_LITERAL_CONVERSION = YES;
				CLANG_WARN_OBJC_ROOT_CLASS = YES_ERROR;
				CLANG_WARN_RANGE_LOOP_ANALYSIS = YES;
				CLANG_WARN_STRICT_PROTOTYPES = YES;
				CLANG_WARN_SUSPICIOUS_MOVE = YES;
				CLANG_WARN_UNGUARDED_AVAILABILITY = YES_AGGRESSIVE;
				CLANG_WARN_UNREACHABLE_CODE = YES;
				CLANG_WARN__DUPLICATE_METHOD_MATCH = YES;
				CODE_SIGN_IDENTITY = "iPhone Developer";
				COPY_PHASE_STRIP = NO;
				DEBUG_INFORMATION_FORMAT = dwarf;
				ENABLE_STRICT_OBJC_MSGSEND = YES;
				ENABLE_TESTABILITY = YES;
				GCC_C_LANGUAGE_STANDARD = gnu11;
				GCC_DYNAMIC_NO_PIC = NO;
				GCC_NO_COMMON_BLOCKS = YES;
				GCC_OPTIMIZATION_LEVEL = 0;
				GCC_PREPROCESSOR_DEFINITIONS = (
					"DEBUG=1",
					"$(inherited)",
				);
				GCC_WARN_64_TO_32_BIT_CONVERSION = YES;
				GCC_WARN_ABOUT_RETURN_TYPE = YES_ERROR;
				GCC_WARN_UNDECLARED_SELECTOR = YES;
				GCC_WARN_UNINITIALIZED_AUTOS = YES_AGGRESSIVE;
				GCC_WARN_UNUSED_FUNCTION = YES;
				GCC_WARN_UNUSED_VARIABLE = YES;
				IPHONEOS_DEPLOYMENT_TARGET = 12.0;
				MTL_ENABLE_DEBUG_INFO = INCLUDE_SOURCE;
				MTL_FAST_MATH = YES;
				ONLY_ACTIVE_ARCH = YES;
				SDKROOT = iphoneos;
				SWIFT_ACTIVE_COMPILATION_CONDITIONS = DEBUG;
				SWIFT_OPTIMIZATION_LEVEL = "-Onone";
			};
			name = Debug;
		};
		D4E6D750215A9C820029B326 /* Release */ = {
			isa = XCBuildConfiguration;
			buildSettings = {
				ALWAYS_SEARCH_USER_PATHS = NO;
				CLANG_ANALYZER_NONNULL = YES;
				CLANG_ANALYZER_NUMBER_OBJECT_CONVERSION = YES_AGGRESSIVE;
				CLANG_CXX_LANGUAGE_STANDARD = "gnu++14";
				CLANG_CXX_LIBRARY = "libc++";
				CLANG_ENABLE_MODULES = YES;
				CLANG_ENABLE_OBJC_ARC = YES;
				CLANG_ENABLE_OBJC_WEAK = YES;
				CLANG_WARN_BLOCK_CAPTURE_AUTORELEASING = YES;
				CLANG_WARN_BOOL_CONVERSION = YES;
				CLANG_WARN_COMMA = YES;
				CLANG_WARN_CONSTANT_CONVERSION = YES;
				CLANG_WARN_DEPRECATED_OBJC_IMPLEMENTATIONS = YES;
				CLANG_WARN_DIRECT_OBJC_ISA_USAGE = YES_ERROR;
				CLANG_WARN_DOCUMENTATION_COMMENTS = YES;
				CLANG_WARN_EMPTY_BODY = YES;
				CLANG_WARN_ENUM_CONVERSION = YES;
				CLANG_WARN_INFINITE_RECURSION = YES;
				CLANG_WARN_INT_CONVERSION = YES;
				CLANG_WARN_NON_LITERAL_NULL_CONVERSION = YES;
				CLANG_WARN_OBJC_IMPLICIT_RETAIN_SELF = YES;
				CLANG_WARN_OBJC_LITERAL_CONVERSION = YES;
				CLANG_WARN_OBJC_ROOT_CLASS = YES_ERROR;
				CLANG_WARN_RANGE_LOOP_ANALYSIS = YES;
				CLANG_WARN_STRICT_PROTOTYPES = YES;
				CLANG_WARN_SUSPICIOUS_MOVE = YES;
				CLANG_WARN_UNGUARDED_AVAILABILITY = YES_AGGRESSIVE;
				CLANG_WARN_UNREACHABLE_CODE = YES;
				CLANG_WARN__DUPLICATE_METHOD_MATCH = YES;
				CODE_SIGN_IDENTITY = "iPhone Developer";
				COPY_PHASE_STRIP = NO;
				DEBUG_INFORMATION_FORMAT = "dwarf-with-dsym";
				ENABLE_NS_ASSERTIONS = NO;
				ENABLE_STRICT_OBJC_MSGSEND = YES;
				GCC_C_LANGUAGE_STANDARD = gnu11;
				GCC_NO_COMMON_BLOCKS = YES;
				GCC_WARN_64_TO_32_BIT_CONVERSION = YES;
				GCC_WARN_ABOUT_RETURN_TYPE = YES_ERROR;
				GCC_WARN_UNDECLARED_SELECTOR = YES;
				GCC_WARN_UNINITIALIZED_AUTOS = YES_AGGRESSIVE;
				GCC_WARN_UNUSED_FUNCTION = YES;
				GCC_WARN_UNUSED_VARIABLE = YES;
				IPHONEOS_DEPLOYMENT_TARGET = 12.0;
				MTL_ENABLE_DEBUG_INFO = NO;
				MTL_FAST_MATH = YES;
				SDKROOT = iphoneos;
				SWIFT_COMPILATION_MODE = wholemodule;
				SWIFT_OPTIMIZATION_LEVEL = "-O";
				VALIDATE_PRODUCT = YES;
			};
			name = Release;
		};
		D4E6D752215A9C820029B326 /* Debug */ = {
			isa = XCBuildConfiguration;
			buildSettings = {
				ASSETCATALOG_COMPILER_APPICON_NAME = AppIcon;
				CODE_SIGN_STYLE = Automatic;
				DEVELOPMENT_TEAM = WWQLM7TQAZ;
				INFOPLIST_FILE = "Cubo Flotando/Info.plist";
				LD_RUNPATH_SEARCH_PATHS = (
					"$(inherited)",
					"@executable_path/Frameworks",
				);
				PRODUCT_BUNDLE_IDENTIFIER = "es.upm.iweb.Cubo-Flotando";
				PRODUCT_NAME = "$(TARGET_NAME)";
				SWIFT_VERSION = 4.2;
				TARGETED_DEVICE_FAMILY = "1,2";
			};
			name = Debug;
		};
		D4E6D753215A9C820029B326 /* Release */ = {
			isa = XCBuildConfiguration;
			buildSettings = {
				ASSETCATALOG_COMPILER_APPICON_NAME = AppIcon;
				CODE_SIGN_STYLE = Automatic;
				DEVELOPMENT_TEAM = WWQLM7TQAZ;
				INFOPLIST_FILE = "Cubo Flotando/Info.plist";
				LD_RUNPATH_SEARCH_PATHS = (
					"$(inherited)",
					"@executable_path/Frameworks",
				);
				PRODUCT_BUNDLE_IDENTIFIER = "es.upm.iweb.Cubo-Flotando";
				PRODUCT_NAME = "$(TARGET_NAME)";
				SWIFT_VERSION = 4.2;
				TARGETED_DEVICE_FAMILY = "1,2";
			};
			name = Release;
		};
/* End XCBuildConfiguration section */

/* Begin XCConfigurationList section */
		D4E6D73A215A9C800029B326 /* Build configuration list for PBXProject "Cubo Flotando" */ = {
			isa = XCConfigurationList;
			buildConfigurations = (
				D4E6D74F215A9C820029B326 /* Debug */,
				D4E6D750215A9C820029B326 /* Release */,
			);
			defaultConfigurationIsVisible = 0;
			defaultConfigurationName = Release;
		};
		D4E6D751215A9C820029B326 /* Build configuration list for PBXNativeTarget "Cubo Flotando" */ = {
			isa = XCConfigurationList;
			buildConfigurations = (
				D4E6D752215A9C820029B326 /* Debug */,
				D4E6D753215A9C820029B326 /* Release */,
			);
			defaultConfigurationIsVisible = 0;
			defaultConfigurationName = Release;
		};
/* End XCConfigurationList section */
	};
	rootObject = D4E6D737215A9C800029B326 /* Project object */;
}
